
Microsoft Visual Studio Solution File, Format Version 12.00
# Visual Studio Version 16
VisualStudioVersion = 16.0.29020.237
MinimumVisualStudioVersion = 10.0.40219.1
Project("{FAE04EC0-301F-11D3-BF4B-00C04F79EFBC}") = "Prime", "Prime.csproj", "{7F7624CC-5C9C-4492-BD22-1A3B63EBC1CC}"
EndProject
Global
	GlobalSection(SolutionConfigurationPlatforms) = preSolution
		Debug|Any CPU = Debug|Any CPU
		Release|Any CPU = Release|Any CPU
	EndGlobalSection
	GlobalSection(ProjectConfigurationPlatforms) = postSolution
		{7F7624CC-5C9C-4492-BD22-1A3B63EBC1CC}.Debug|Any CPU.ActiveCfg = Debug|Any CPU
		{7F7624CC-5C9C-4492-BD22-1A3B63EBC1CC}.Debug|Any CPU.Build.0 = Debug|Any CPU
		{7F7624CC-5C9C-4492-BD22-1A3B63EBC1CC}.Release|Any CPU.ActiveCfg = Release|Any CPU
		{7F7624CC-5C9C-4492-BD22-1A3B63EBC1CC}.Release|Any CPU.Build.0 = Release|Any CPU
	EndGlobalSection
	GlobalSection(SolutionProperties) = preSolution
		HideSolutionNode = FALSE
	EndGlobalSection
	GlobalSection(ExtensibilityGlobals) = postSolution
		SolutionGuid = {14ED6C7E-C098-42D7-8A9A-F9A7BFDED665}
	EndGlobalSection
EndGlobal
