
Microsoft Visual Studio Solution File, Format Version 12.00
# Visual Studio Version 16
VisualStudioVersion = 16.0.30907.101
MinimumVisualStudioVersion = 10.0.40219.1
Project("{FAE04EC0-301F-11D3-BF4B-00C04F79EFBC}") = "n.Structs", "n.Structs\n.Structs.csproj", "{9E9A4B12-9225-4B2F-B370-A1B54519AB24}"
EndProject
Global
	GlobalSection(SolutionConfigurationPlatforms) = preSolution
		Debug|Any CPU = Debug|Any CPU
		Release|Any CPU = Release|Any CPU
	EndGlobalSection
	GlobalSection(ProjectConfigurationPlatforms) = postSolution
		{9E9A4B12-9225-4B2F-B370-A1B54519AB24}.Debug|Any CPU.ActiveCfg = Debug|Any CPU
		{9E9A4B12-9225-4B2F-B370-A1B54519AB24}.Debug|Any CPU.Build.0 = Debug|Any CPU
		{9E9A4B12-9225-4B2F-B370-A1B54519AB24}.Release|Any CPU.ActiveCfg = Release|Any CPU
		{9E9A4B12-9225-4B2F-B370-A1B54519AB24}.Release|Any CPU.Build.0 = Release|Any CPU
	EndGlobalSection
	GlobalSection(SolutionProperties) = preSolution
		HideSolutionNode = FALSE
	EndGlobalSection
	GlobalSection(ExtensibilityGlobals) = postSolution
		SolutionGuid = {7E816A71-87FA-46F3-9EED-20DA389697AB}
	EndGlobalSection
EndGlobal
